Microsoft Visual Studio Solution File, Format Version 12.00
# Visual Studio Version 17
VisualStudioVersion = 17.5.2.0
MinimumVisualStudioVersion = 10.0.40219.1
Project("{FAE04EC0-301F-11D3-BF4B-00C04F79EFBC}") = "TradingPlatform.Common", "TradingPlatform.Common.csproj", "{1C618503-A0DA-67D1-2B64-08FE4FD8029F}"
EndProject
Global
	GlobalSection(SolutionConfigurationPlatforms) = preSolution
		Debug|Any CPU = Debug|Any CPU
		Release|Any CPU = Release|Any CPU
	EndGlobalSection
	GlobalSection(ProjectConfigurationPlatforms) = postSolution
		{1C618503-A0DA-67D1-2B64-08FE4FD8029F}.Debug|Any CPU.ActiveCfg = Debug|Any CPU
		{1C618503-A0DA-67D1-2B64-08FE4FD8029F}.Debug|Any CPU.Build.0 = Debug|Any CPU
		{1C618503-A0DA-67D1-2B64-08FE4FD8029F}.Release|Any CPU.ActiveCfg = Release|Any CPU
		{1C618503-A0DA-67D1-2B64-08FE4FD8029F}.Release|Any CPU.Build.0 = Release|Any CPU
	EndGlobalSection
	GlobalSection(SolutionProperties) = preSolution
		HideSolutionNode = FALSE
	EndGlobalSection
	GlobalSection(ExtensibilityGlobals) = postSolution
		SolutionGuid = {8937A425-B74A-4CED-B0AF-13709E5A82E7}
	EndGlobalSection
EndGlobal
