
Microsoft Visual Studio Solution File, Format Version 12.00
# Visual Studio Version 17
VisualStudioVersion = 17.14.36127.28
MinimumVisualStudioVersion = 10.0.40219.1
Project("{FAE04EC0-301F-11D3-BF4B-00C04F79EFBC}") = "TradingPlatform.Core", "TradingPlatform.Core\TradingPlatform.Core.csproj", "{904D1302-AE9B-4C1F-8E7F-9844F7EEFED0}"
EndProject
Project("{FAE04EC0-301F-11D3-BF4B-00C04F79EFBC}") = "TradingPlatform.DataIngestion", "TradingPlatform.DataIngestion\TradingPlatform.DataIngestion.csproj", "{C90324A0-4E8A-4905-AB74-CFC00C4C48FE}"
EndProject
Project("{FAE04EC0-301F-11D3-BF4B-00C04F79EFBC}") = "TradingPlatform.Screening", "TradingPlatform.Screening\TradingPlatform.Screening.csproj", "{F4E424B4-F049-48AC-AEEA-B5F427712FF8}"
EndProject
Project("{FAE04EC0-301F-11D3-BF4B-00C04F79EFBC}") = "TradingPlatform.Utilities", "TradingPlatform.Utilities\TradingPlatform.Utilities.csproj", "{41537D28-DDFC-446A-B00E-E18A943A1D7C}"
EndProject
Project("{FAE04EC0-301F-11D3-BF4B-00C04F79EFBC}") = "TradingPlatform.FixEngine", "TradingPlatform.FixEngine\TradingPlatform.FixEngine.csproj", "{11DDC959-1D77-4CE0-B309-7E7ABDAA970F}"
EndProject
Project("{FAE04EC0-301F-11D3-BF4B-00C04F79EFBC}") = "TradingPlatform.Database", "TradingPlatform.Database\TradingPlatform.Database.csproj", "{BDC3D723-2F94-4CB6-8ACE-A2E0A1D19A28}"
EndProject
Project("{FAE04EC0-301F-11D3-BF4B-00C04F79EFBC}") = "TradingPlatform.Messaging", "TradingPlatform.Messaging\TradingPlatform.Messaging.csproj", "{B20AAE2B-9A6A-4C66-8849-3989ECFAB92A}"
EndProject
Project("{FAE04EC0-301F-11D3-BF4B-00C04F79EFBC}") = "TradingPlatform.Gateway", "TradingPlatform.Gateway\TradingPlatform.Gateway.csproj", "{A20A6226-99E1-436D-8AFE-77076EE1253F}"
EndProject
Project("{FAE04EC0-301F-11D3-BF4B-00C04F79EFBC}") = "TradingPlatform.MarketData", "TradingPlatform.MarketData\TradingPlatform.MarketData.csproj", "{3196A829-FF3A-4173-AB31-FA739D5E4407}"
EndProject
Project("{FAE04EC0-301F-11D3-BF4B-00C04F79EFBC}") = "TradingPlatform.StrategyEngine", "TradingPlatform.StrategyEngine\TradingPlatform.StrategyEngine.csproj", "{8ACD0A9C-7B35-4394-A653-0FEC7770F687}"
EndProject
Project("{FAE04EC0-301F-11D3-BF4B-00C04F79EFBC}") = "TradingPlatform.RiskManagement", "TradingPlatform.RiskManagement\TradingPlatform.RiskManagement.csproj", "{C47682CE-EF70-416B-84A7-6049855D4219}"
EndProject
Project("{FAE04EC0-301F-11D3-BF4B-00C04F79EFBC}") = "TradingPlatform.PaperTrading", "TradingPlatform.PaperTrading\TradingPlatform.PaperTrading.csproj", "{86C8BB00-6C8B-4488-804D-AF1B2809CE1B}"
EndProject
Project("{FAE04EC0-301F-11D3-BF4B-00C04F79EFBC}") = "TradingPlatform.WindowsOptimization", "TradingPlatform.WindowsOptimization\TradingPlatform.WindowsOptimization.csproj", "{73324504-63C2-4E5B-A28B-838E778B5E77}"
EndProject
Project("{FAE04EC0-301F-11D3-BF4B-00C04F79EFBC}") = "TradingPlatform.Logging", "TradingPlatform.Logging\TradingPlatform.Logging.csproj", "{D4E3F921-BA12-4A97-8B32-6F9A7D8C3E45}"
EndProject
Project("{FAE04EC0-301F-11D3-BF4B-00C04F79EFBC}") = "TradingPlatform.Foundation", "TradingPlatform.Foundation\TradingPlatform.Foundation.csproj", "{E8F3A456-7B12-4C89-A123-456789ABCDEF}"
EndProject
Project("{FAE04EC0-301F-11D3-BF4B-00C04F79EFBC}") = "TradingPlatform.Common", "TradingPlatform.Common\TradingPlatform.Common.csproj", "{F9E4B567-8C23-4D9A-B234-56789ABCDEF0}"
EndProject
Project("{FAE04EC0-301F-11D3-BF4B-00C04F79EFBC}") = "TradingPlatform.Testing", "TradingPlatform.Testing\TradingPlatform.Testing.csproj", "{A1B2C3D4-5E6F-7890-1234-56789ABCDEF1}"
EndProject
Project("{FAE04EC0-301F-11D3-BF4B-00C04F79EFBC}") = "TradingPlatform.DisplayManagement", "TradingPlatform.DisplayManagement\TradingPlatform.DisplayManagement.csproj", "{B16CC41B-1EFE-4A48-B635-A7FB1333FB2D}"
EndProject
Project("{FAE04EC0-301F-11D3-BF4B-00C04F79EFBC}") = "TradingPlatform.TestRunner", "TradingPlatform.TestRunner\TradingPlatform.TestRunner.csproj", "{C514758A-704A-40AE-88FF-245E80811B69}"
EndProject
Project("{FAE04EC0-301F-11D3-BF4B-00C04F79EFBC}") = "TradingPlatform.Auditing", "TradingPlatform.Auditing\TradingPlatform.Auditing.csproj", "{D7E8F9A0-1234-5678-90AB-CDEF12345678}"
EndProject
Project("{FAE04EC0-301F-11D3-BF4B-00C04F79EFBC}") = "TradingPlatform.TimeSeries", "TradingPlatform.TimeSeries\TradingPlatform.TimeSeries.csproj", "{E5F6A7B8-2345-6789-01BC-DEF234567890}"
EndProject
Project("{FAE04EC0-301F-11D3-BF4B-00C04F79EFBC}") = "TradingPlatform.IntegrationTests", "TradingPlatform.IntegrationTests\TradingPlatform.IntegrationTests.csproj", "{8B0EBF8C-2FD1-4886-9434-621B1AC4F1D6}"
EndProject
Project("{FAE04EC0-301F-11D3-BF4B-00C04F79EFBC}") = "TradingPlatform.UnitTests", "TradingPlatform.UnitTests\TradingPlatform.UnitTests.csproj", "{19285DB2-9444-439C-B7A1-60FA6FC38EF0}"
EndProject
Project("{FAE04EC0-301F-11D3-BF4B-00C04F79EFBC}") = "TradingPlatform.PerformanceTests", "TradingPlatform.PerformanceTests\TradingPlatform.PerformanceTests.csproj", "{92273845-A66B-418E-99E5-8CC60C0747AB}"
EndProject
Project("{FAE04EC0-301F-11D3-BF4B-00C04F79EFBC}") = "TradingPlatform.SecurityTests", "TradingPlatform.SecurityTests\TradingPlatform.SecurityTests.csproj", "{6B8DA7E5-DF60-4CBF-B4FB-6AF62545EA13}"
EndProject
Project("{FAE04EC0-301F-11D3-BF4B-00C04F79EFBC}") = "TradingPlatform.ContractTests", "TradingPlatform.ContractTests\TradingPlatform.ContractTests.csproj", "{374B7FCE-8E94-44CD-95E1-60DC6D7384AE}"
EndProject
Project("{FAE04EC0-301F-11D3-BF4B-00C04F79EFBC}") = "TradingPlatform.ChaosTests", "TradingPlatform.ChaosTests\TradingPlatform.ChaosTests.csproj", "{F11E78C7-4E7D-4355-B043-C057371150B8}"
EndProject
Project("{FAE04EC0-301F-11D3-BF4B-00C04F79EFBC}") = "TradingPlatform.ML", "TradingPlatform.ML\TradingPlatform.ML.csproj", "{7B6D7C6D-F6F4-4D3E-0B8C-9C0E1F3B4C7C}"
EndProject
Project("{FAE04EC0-301F-11D3-BF4B-00C04F79EFBC}") = "TradingPlatform.Backtesting", "TradingPlatform.Backtesting\TradingPlatform.Backtesting.csproj", "{A8B9C7D8-E5F6-7A1B-2C3D-4E5F6789ABCD}"
EndProject
Project("{FAE04EC0-301F-11D3-BF4B-00C04F79EFBC}") = "TradingPlatform.GPU", "TradingPlatform.GPU\TradingPlatform.GPU.csproj", "{B9CA8D9E-F6F7-8B2C-3D4E-5F6789ABCDEF}"
EndProject
Project("{FAE04EC0-301F-11D3-BF4B-00C04F79EFBC}") = "TradingPlatform.FinancialCalculations", "TradingPlatform.FinancialCalculations\TradingPlatform.FinancialCalculations.csproj", "{C1A2B3C4-D5E6-7F89-01A2-B3C4D5E6F789}"
EndProject
Project("{FAE04EC0-301F-11D3-BF4B-00C04F79EFBC}") = "TradingPlatform.ML.Tests", "TradingPlatform.ML.Tests\TradingPlatform.ML.Tests.csproj", "{BE7C520C-3E71-416D-B083-EB1BC89F2CE1}"
EndProject
Project("{FAE04EC0-301F-11D3-BF4B-00C04F79EFBC}") = "TradingPlatform.Analytics", "TradingPlatform.Analytics\TradingPlatform.Analytics.csproj", "{F8A9B0C1-D2E3-4F56-7890-1A2B3C4D5E6F}"
EndProject
Project("{FAE04EC0-301F-11D3-BF4B-00C04F79EFBC}") = "TradingPlatform.Analytics.Tests", "TradingPlatform.Analytics.Tests\TradingPlatform.Analytics.Tests.csproj", "{A1B2C3D4-E5F6-7890-123A-B4C5D6E7F890}"
EndProject
Project("{FAE04EC0-301F-11D3-BF4B-00C04F79EFBC}") = "TradingPlatform.CostManagement", "TradingPlatform.CostManagement\TradingPlatform.CostManagement.csproj", "{C2D3E4F5-A6B7-8901-2345-6789ABCDEF01}"
EndProject
Global
	GlobalSection(SolutionConfigurationPlatforms) = preSolution
		Debug|x64 = Debug|x64
		Release|x64 = Release|x64
	EndGlobalSection
	GlobalSection(ProjectConfigurationPlatforms) = postSolution
		{904D1302-AE9B-4C1F-8E7F-9844F7EEFED0}.Debug|x64.ActiveCfg = Debug|x64
		{904D1302-AE9B-4C1F-8E7F-9844F7EEFED0}.Debug|x64.Build.0 = Debug|x64
		{904D1302-AE9B-4C1F-8E7F-9844F7EEFED0}.Release|x64.ActiveCfg = Release|x64
		{904D1302-AE9B-4C1F-8E7F-9844F7EEFED0}.Release|x64.Build.0 = Release|x64
		{C90324A0-4E8A-4905-AB74-CFC00C4C48FE}.Debug|x64.ActiveCfg = Debug|x64
		{C90324A0-4E8A-4905-AB74-CFC00C4C48FE}.Debug|x64.Build.0 = Debug|x64
		{C90324A0-4E8A-4905-AB74-CFC00C4C48FE}.Release|x64.ActiveCfg = Release|x64
		{C90324A0-4E8A-4905-AB74-CFC00C4C48FE}.Release|x64.Build.0 = Release|x64
		{F4E424B4-F049-48AC-AEEA-B5F427712FF8}.Debug|x64.ActiveCfg = Debug|x64
		{F4E424B4-F049-48AC-AEEA-B5F427712FF8}.Debug|x64.Build.0 = Debug|x64
		{F4E424B4-F049-48AC-AEEA-B5F427712FF8}.Release|x64.ActiveCfg = Release|x64
		{F4E424B4-F049-48AC-AEEA-B5F427712FF8}.Release|x64.Build.0 = Release|x64
		{41537D28-DDFC-446A-B00E-E18A943A1D7C}.Debug|x64.ActiveCfg = Debug|x64
		{41537D28-DDFC-446A-B00E-E18A943A1D7C}.Debug|x64.Build.0 = Debug|x64
		{41537D28-DDFC-446A-B00E-E18A943A1D7C}.Release|x64.ActiveCfg = Release|x64
		{41537D28-DDFC-446A-B00E-E18A943A1D7C}.Release|x64.Build.0 = Release|x64
		{11DDC959-1D77-4CE0-B309-7E7ABDAA970F}.Debug|x64.ActiveCfg = Debug|x64
		{11DDC959-1D77-4CE0-B309-7E7ABDAA970F}.Debug|x64.Build.0 = Debug|x64
		{11DDC959-1D77-4CE0-B309-7E7ABDAA970F}.Release|x64.ActiveCfg = Release|x64
		{11DDC959-1D77-4CE0-B309-7E7ABDAA970F}.Release|x64.Build.0 = Release|x64
		{BDC3D723-2F94-4CB6-8ACE-A2E0A1D19A28}.Debug|x64.ActiveCfg = Debug|x64
		{BDC3D723-2F94-4CB6-8ACE-A2E0A1D19A28}.Debug|x64.Build.0 = Debug|x64
		{BDC3D723-2F94-4CB6-8ACE-A2E0A1D19A28}.Release|x64.ActiveCfg = Release|x64
		{BDC3D723-2F94-4CB6-8ACE-A2E0A1D19A28}.Release|x64.Build.0 = Release|x64
		{B20AAE2B-9A6A-4C66-8849-3989ECFAB92A}.Debug|x64.ActiveCfg = Debug|x64
		{B20AAE2B-9A6A-4C66-8849-3989ECFAB92A}.Debug|x64.Build.0 = Debug|x64
		{B20AAE2B-9A6A-4C66-8849-3989ECFAB92A}.Release|x64.ActiveCfg = Release|x64
		{B20AAE2B-9A6A-4C66-8849-3989ECFAB92A}.Release|x64.Build.0 = Release|x64
		{A20A6226-99E1-436D-8AFE-77076EE1253F}.Debug|x64.ActiveCfg = Debug|x64
		{A20A6226-99E1-436D-8AFE-77076EE1253F}.Debug|x64.Build.0 = Debug|x64
		{A20A6226-99E1-436D-8AFE-77076EE1253F}.Release|x64.ActiveCfg = Release|x64
		{A20A6226-99E1-436D-8AFE-77076EE1253F}.Release|x64.Build.0 = Release|x64
		{3196A829-FF3A-4173-AB31-FA739D5E4407}.Debug|x64.ActiveCfg = Debug|x64
		{3196A829-FF3A-4173-AB31-FA739D5E4407}.Debug|x64.Build.0 = Debug|x64
		{3196A829-FF3A-4173-AB31-FA739D5E4407}.Release|x64.ActiveCfg = Release|x64
		{3196A829-FF3A-4173-AB31-FA739D5E4407}.Release|x64.Build.0 = Release|x64
		{8ACD0A9C-7B35-4394-A653-0FEC7770F687}.Debug|x64.ActiveCfg = Debug|x64
		{8ACD0A9C-7B35-4394-A653-0FEC7770F687}.Debug|x64.Build.0 = Debug|x64
		{8ACD0A9C-7B35-4394-A653-0FEC7770F687}.Release|x64.ActiveCfg = Release|x64
		{8ACD0A9C-7B35-4394-A653-0FEC7770F687}.Release|x64.Build.0 = Release|x64
		{C47682CE-EF70-416B-84A7-6049855D4219}.Debug|x64.ActiveCfg = Debug|x64
		{C47682CE-EF70-416B-84A7-6049855D4219}.Debug|x64.Build.0 = Debug|x64
		{C47682CE-EF70-416B-84A7-6049855D4219}.Release|x64.ActiveCfg = Release|x64
		{C47682CE-EF70-416B-84A7-6049855D4219}.Release|x64.Build.0 = Release|x64
		{86C8BB00-6C8B-4488-804D-AF1B2809CE1B}.Debug|x64.ActiveCfg = Debug|x64
		{86C8BB00-6C8B-4488-804D-AF1B2809CE1B}.Debug|x64.Build.0 = Debug|x64
		{86C8BB00-6C8B-4488-804D-AF1B2809CE1B}.Release|x64.ActiveCfg = Release|x64
		{86C8BB00-6C8B-4488-804D-AF1B2809CE1B}.Release|x64.Build.0 = Release|x64
		{73324504-63C2-4E5B-A28B-838E778B5E77}.Debug|x64.ActiveCfg = Debug|x64
		{73324504-63C2-4E5B-A28B-838E778B5E77}.Debug|x64.Build.0 = Debug|x64
		{73324504-63C2-4E5B-A28B-838E778B5E77}.Release|x64.ActiveCfg = Release|x64
		{73324504-63C2-4E5B-A28B-838E778B5E77}.Release|x64.Build.0 = Release|x64
		{D4E3F921-BA12-4A97-8B32-6F9A7D8C3E45}.Debug|x64.ActiveCfg = Debug|x64
		{D4E3F921-BA12-4A97-8B32-6F9A7D8C3E45}.Debug|x64.Build.0 = Debug|x64
		{D4E3F921-BA12-4A97-8B32-6F9A7D8C3E45}.Release|x64.ActiveCfg = Release|x64
		{D4E3F921-BA12-4A97-8B32-6F9A7D8C3E45}.Release|x64.Build.0 = Release|x64
		{E8F3A456-7B12-4C89-A123-456789ABCDEF}.Debug|x64.ActiveCfg = Debug|x64
		{E8F3A456-7B12-4C89-A123-456789ABCDEF}.Debug|x64.Build.0 = Debug|x64
		{E8F3A456-7B12-4C89-A123-456789ABCDEF}.Release|x64.ActiveCfg = Release|x64
		{E8F3A456-7B12-4C89-A123-456789ABCDEF}.Release|x64.Build.0 = Release|x64
		{F9E4B567-8C23-4D9A-B234-56789ABCDEF0}.Debug|x64.ActiveCfg = Debug|x64
		{F9E4B567-8C23-4D9A-B234-56789ABCDEF0}.Debug|x64.Build.0 = Debug|x64
		{F9E4B567-8C23-4D9A-B234-56789ABCDEF0}.Release|x64.ActiveCfg = Release|x64
		{F9E4B567-8C23-4D9A-B234-56789ABCDEF0}.Release|x64.Build.0 = Release|x64
		{A1B2C3D4-5E6F-7890-1234-56789ABCDEF1}.Debug|x64.ActiveCfg = Debug|x64
		{A1B2C3D4-5E6F-7890-1234-56789ABCDEF1}.Debug|x64.Build.0 = Debug|x64
		{A1B2C3D4-5E6F-7890-1234-56789ABCDEF1}.Release|x64.ActiveCfg = Release|x64
		{A1B2C3D4-5E6F-7890-1234-56789ABCDEF1}.Release|x64.Build.0 = Release|x64
		{B16CC41B-1EFE-4A48-B635-A7FB1333FB2D}.Debug|x64.ActiveCfg = Debug|x64
		{B16CC41B-1EFE-4A48-B635-A7FB1333FB2D}.Debug|x64.Build.0 = Debug|x64
		{B16CC41B-1EFE-4A48-B635-A7FB1333FB2D}.Release|x64.ActiveCfg = Release|x64
		{B16CC41B-1EFE-4A48-B635-A7FB1333FB2D}.Release|x64.Build.0 = Release|x64
		{C514758A-704A-40AE-88FF-245E80811B69}.Debug|x64.ActiveCfg = Debug|Any CPU
		{C514758A-704A-40AE-88FF-245E80811B69}.Debug|x64.Build.0 = Debug|Any CPU
		{C514758A-704A-40AE-88FF-245E80811B69}.Release|x64.ActiveCfg = Release|Any CPU
		{C514758A-704A-40AE-88FF-245E80811B69}.Release|x64.Build.0 = Release|Any CPU
		{D7E8F9A0-1234-5678-90AB-CDEF12345678}.Debug|x64.ActiveCfg = Debug|x64
		{D7E8F9A0-1234-5678-90AB-CDEF12345678}.Debug|x64.Build.0 = Debug|x64
		{D7E8F9A0-1234-5678-90AB-CDEF12345678}.Release|x64.ActiveCfg = Release|x64
		{D7E8F9A0-1234-5678-90AB-CDEF12345678}.Release|x64.Build.0 = Release|x64
		{E5F6A7B8-2345-6789-01BC-DEF234567890}.Debug|x64.ActiveCfg = Debug|x64
		{E5F6A7B8-2345-6789-01BC-DEF234567890}.Debug|x64.Build.0 = Debug|x64
		{E5F6A7B8-2345-6789-01BC-DEF234567890}.Release|x64.ActiveCfg = Release|x64
		{E5F6A7B8-2345-6789-01BC-DEF234567890}.Release|x64.Build.0 = Release|x64
		{8B0EBF8C-2FD1-4886-9434-621B1AC4F1D6}.Debug|x64.ActiveCfg = Debug|Any CPU
		{8B0EBF8C-2FD1-4886-9434-621B1AC4F1D6}.Debug|x64.Build.0 = Debug|Any CPU
		{8B0EBF8C-2FD1-4886-9434-621B1AC4F1D6}.Release|x64.ActiveCfg = Release|Any CPU
		{8B0EBF8C-2FD1-4886-9434-621B1AC4F1D6}.Release|x64.Build.0 = Release|Any CPU
		{19285DB2-9444-439C-B7A1-60FA6FC38EF0}.Debug|x64.ActiveCfg = Debug|Any CPU
		{19285DB2-9444-439C-B7A1-60FA6FC38EF0}.Debug|x64.Build.0 = Debug|Any CPU
		{19285DB2-9444-439C-B7A1-60FA6FC38EF0}.Release|x64.ActiveCfg = Release|Any CPU
		{19285DB2-9444-439C-B7A1-60FA6FC38EF0}.Release|x64.Build.0 = Release|Any CPU
		{92273845-A66B-418E-99E5-8CC60C0747AB}.Debug|x64.ActiveCfg = Debug|Any CPU
		{92273845-A66B-418E-99E5-8CC60C0747AB}.Debug|x64.Build.0 = Debug|Any CPU
		{92273845-A66B-418E-99E5-8CC60C0747AB}.Release|x64.ActiveCfg = Release|Any CPU
		{92273845-A66B-418E-99E5-8CC60C0747AB}.Release|x64.Build.0 = Release|Any CPU
		{6B8DA7E5-DF60-4CBF-B4FB-6AF62545EA13}.Debug|x64.ActiveCfg = Debug|Any CPU
		{6B8DA7E5-DF60-4CBF-B4FB-6AF62545EA13}.Debug|x64.Build.0 = Debug|Any CPU
		{6B8DA7E5-DF60-4CBF-B4FB-6AF62545EA13}.Release|x64.ActiveCfg = Release|Any CPU
		{6B8DA7E5-DF60-4CBF-B4FB-6AF62545EA13}.Release|x64.Build.0 = Release|Any CPU
		{374B7FCE-8E94-44CD-95E1-60DC6D7384AE}.Debug|x64.ActiveCfg = Debug|Any CPU
		{374B7FCE-8E94-44CD-95E1-60DC6D7384AE}.Debug|x64.Build.0 = Debug|Any CPU
		{374B7FCE-8E94-44CD-95E1-60DC6D7384AE}.Release|x64.ActiveCfg = Release|Any CPU
		{374B7FCE-8E94-44CD-95E1-60DC6D7384AE}.Release|x64.Build.0 = Release|Any CPU
		{F11E78C7-4E7D-4355-B043-C057371150B8}.Debug|x64.ActiveCfg = Debug|Any CPU
		{F11E78C7-4E7D-4355-B043-C057371150B8}.Debug|x64.Build.0 = Debug|Any CPU
		{F11E78C7-4E7D-4355-B043-C057371150B8}.Release|x64.ActiveCfg = Release|Any CPU
		{F11E78C7-4E7D-4355-B043-C057371150B8}.Release|x64.Build.0 = Release|Any CPU
		{7B6D7C6D-F6F4-4D3E-0B8C-9C0E1F3B4C7C}.Debug|x64.ActiveCfg = Debug|x64
		{7B6D7C6D-F6F4-4D3E-0B8C-9C0E1F3B4C7C}.Debug|x64.Build.0 = Debug|x64
		{7B6D7C6D-F6F4-4D3E-0B8C-9C0E1F3B4C7C}.Release|x64.ActiveCfg = Release|x64
		{7B6D7C6D-F6F4-4D3E-0B8C-9C0E1F3B4C7C}.Release|x64.Build.0 = Release|x64
		{A8B9C7D8-E5F6-7A1B-2C3D-4E5F6789ABCD}.Debug|x64.ActiveCfg = Debug|x64
		{A8B9C7D8-E5F6-7A1B-2C3D-4E5F6789ABCD}.Debug|x64.Build.0 = Debug|x64
		{A8B9C7D8-E5F6-7A1B-2C3D-4E5F6789ABCD}.Release|x64.ActiveCfg = Release|x64
		{A8B9C7D8-E5F6-7A1B-2C3D-4E5F6789ABCD}.Release|x64.Build.0 = Release|x64
		{B9CA8D9E-F6F7-8B2C-3D4E-5F6789ABCDEF}.Debug|x64.ActiveCfg = Debug|x64
		{B9CA8D9E-F6F7-8B2C-3D4E-5F6789ABCDEF}.Debug|x64.Build.0 = Debug|x64
		{B9CA8D9E-F6F7-8B2C-3D4E-5F6789ABCDEF}.Release|x64.ActiveCfg = Release|x64
		{B9CA8D9E-F6F7-8B2C-3D4E-5F6789ABCDEF}.Release|x64.Build.0 = Release|x64
		{C1A2B3C4-D5E6-7F89-01A2-B3C4D5E6F789}.Debug|x64.ActiveCfg = Debug|x64
		{C1A2B3C4-D5E6-7F89-01A2-B3C4D5E6F789}.Debug|x64.Build.0 = Debug|x64
		{C1A2B3C4-D5E6-7F89-01A2-B3C4D5E6F789}.Release|x64.ActiveCfg = Release|x64
		{C1A2B3C4-D5E6-7F89-01A2-B3C4D5E6F789}.Release|x64.Build.0 = Release|x64
		{BE7C520C-3E71-416D-B083-EB1BC89F2CE1}.Debug|x64.ActiveCfg = Debug|Any CPU
		{BE7C520C-3E71-416D-B083-EB1BC89F2CE1}.Debug|x64.Build.0 = Debug|Any CPU
		{BE7C520C-3E71-416D-B083-EB1BC89F2CE1}.Release|x64.ActiveCfg = Release|Any CPU
		{BE7C520C-3E71-416D-B083-EB1BC89F2CE1}.Release|x64.Build.0 = Release|Any CPU
		{F8A9B0C1-D2E3-4F56-7890-1A2B3C4D5E6F}.Debug|x64.ActiveCfg = Debug|x64
		{F8A9B0C1-D2E3-4F56-7890-1A2B3C4D5E6F}.Debug|x64.Build.0 = Debug|x64
		{F8A9B0C1-D2E3-4F56-7890-1A2B3C4D5E6F}.Release|x64.ActiveCfg = Release|x64
		{F8A9B0C1-D2E3-4F56-7890-1A2B3C4D5E6F}.Release|x64.Build.0 = Release|x64
		{A1B2C3D4-E5F6-7890-123A-B4C5D6E7F890}.Debug|x64.ActiveCfg = Debug|Any CPU
		{A1B2C3D4-E5F6-7890-123A-B4C5D6E7F890}.Debug|x64.Build.0 = Debug|Any CPU
		{A1B2C3D4-E5F6-7890-123A-B4C5D6E7F890}.Release|x64.ActiveCfg = Release|Any CPU
		{A1B2C3D4-E5F6-7890-123A-B4C5D6E7F890}.Release|x64.Build.0 = Release|Any CPU
		{C2D3E4F5-A6B7-8901-2345-6789ABCDEF01}.Debug|x64.ActiveCfg = Debug|x64
		{C2D3E4F5-A6B7-8901-2345-6789ABCDEF01}.Debug|x64.Build.0 = Debug|x64
		{C2D3E4F5-A6B7-8901-2345-6789ABCDEF01}.Release|x64.ActiveCfg = Release|x64
		{C2D3E4F5-A6B7-8901-2345-6789ABCDEF01}.Release|x64.Build.0 = Release|x64
	EndGlobalSection
	GlobalSection(SolutionProperties) = preSolution
		HideSolutionNode = FALSE
	EndGlobalSection
	GlobalSection(ExtensibilityGlobals) = postSolution
		SolutionGuid = {37073726-EB11-46EC-AE73-8D7E24BA1845}
	EndGlobalSection
EndGlobal
